// !$*UTF8*$!
{
	archiveVersion = 1;
	classes = {
	};
	objectVersion = 51;
	objects = {

/* Begin PBXBuildFile section */
		6497012488F7126D2500AE48 /* Pods_TheMovieDatabase.framework in Frameworks */ = {isa = PBXBuildFile; fileRef = 41505FB3D8214E06604D98CD /* Pods_TheMovieDatabase.framework */; };
		9250EBAC2413DE2D00AC30DB /* AuthorizationViewController.swift in Sources */ = {isa = PBXBuildFile; fileRef = 9250EBAA2413DE2D00AC30DB /* AuthorizationViewController.swift */; };
		9250EBAD2413DE2D00AC30DB /* AuthorizationViewController.xib in Resources */ = {isa = PBXBuildFile; fileRef = 9250EBAB2413DE2D00AC30DB /* AuthorizationViewController.xib */; };
		9250EBB22413F2CD00AC30DB /* RoundedButton.swift in Sources */ = {isa = PBXBuildFile; fileRef = 9250EBB12413F2CD00AC30DB /* RoundedButton.swift */; };
		9250EBB72413FA2E00AC30DB /* Colors.swift in Sources */ = {isa = PBXBuildFile; fileRef = 9250EBB62413FA2E00AC30DB /* Colors.swift */; };
		9250EBB92413FCA400AC30DB /* CustomTextField.swift in Sources */ = {isa = PBXBuildFile; fileRef = 9250EBB82413FCA400AC30DB /* CustomTextField.swift */; };
		9250EBBB2414048E00AC30DB /* Images.swift in Sources */ = {isa = PBXBuildFile; fileRef = 9250EBBA2414048E00AC30DB /* Images.swift */; };
		92CFFF6424115C7000619672 /* AppDelegate.swift in Sources */ = {isa = PBXBuildFile; fileRef = 92CFFF6324115C7000619672 /* AppDelegate.swift */; };
		92CFFF6624115C7000619672 /* SceneDelegate.swift in Sources */ = {isa = PBXBuildFile; fileRef = 92CFFF6524115C7000619672 /* SceneDelegate.swift */; };
		92CFFF6D24115C7400619672 /* Assets.xcassets in Resources */ = {isa = PBXBuildFile; fileRef = 92CFFF6C24115C7400619672 /* Assets.xcassets */; };
		92CFFF7024115C7400619672 /* LaunchScreen.storyboard in Resources */ = {isa = PBXBuildFile; fileRef = 92CFFF6E24115C7400619672 /* LaunchScreen.storyboard */; };
/* End PBXBuildFile section */

/* Begin PBXFileReference section */
		014994672CA64F37260E87E4 /* Pods-TheMovieDatabase.release.xcconfig */ = {isa = PBXFileReference; includeInIndex = 1; lastKnownFileType = text.xcconfig; name = "Pods-TheMovieDatabase.release.xcconfig"; path = "Target Support Files/Pods-TheMovieDatabase/Pods-TheMovieDatabase.release.xcconfig"; sourceTree = "<group>"; };
		41505FB3D8214E06604D98CD /* Pods_TheMovieDatabase.framework */ = {isa = PBXFileReference; explicitFileType = wrapper.framework; includeInIndex = 0; path = Pods_TheMovieDatabase.framework; sourceTree = BUILT_PRODUCTS_DIR; };
		8F7461F3F3A47551AA9DAE2F /* Pods-TheMovieDatabase.debug.xcconfig */ = {isa = PBXFileReference; includeInIndex = 1; lastKnownFileType = text.xcconfig; name = "Pods-TheMovieDatabase.debug.xcconfig"; path = "Target Support Files/Pods-TheMovieDatabase/Pods-TheMovieDatabase.debug.xcconfig"; sourceTree = "<group>"; };
		9250EBAA2413DE2D00AC30DB /* AuthorizationViewController.swift */ = {isa = PBXFileReference; lastKnownFileType = sourcecode.swift; path = AuthorizationViewController.swift; sourceTree = "<group>"; };
		9250EBAB2413DE2D00AC30DB /* AuthorizationViewController.xib */ = {isa = PBXFileReference; lastKnownFileType = file.xib; path = AuthorizationViewController.xib; sourceTree = "<group>"; };
		9250EBB12413F2CD00AC30DB /* RoundedButton.swift */ = {isa = PBXFileReference; lastKnownFileType = sourcecode.swift; path = RoundedButton.swift; sourceTree = "<group>"; };
		9250EBB62413FA2E00AC30DB /* Colors.swift */ = {isa = PBXFileReference; lastKnownFileType = sourcecode.swift; path = Colors.swift; sourceTree = "<group>"; };
		9250EBB82413FCA400AC30DB /* CustomTextField.swift */ = {isa = PBXFileReference; lastKnownFileType = sourcecode.swift; path = CustomTextField.swift; sourceTree = "<group>"; };
		9250EBBA2414048E00AC30DB /* Images.swift */ = {isa = PBXFileReference; lastKnownFileType = sourcecode.swift; path = Images.swift; sourceTree = "<group>"; };
		92CFFF6024115C7000619672 /* TheMovieDatabase.app */ = {isa = PBXFileReference; explicitFileType = wrapper.application; includeInIndex = 0; path = TheMovieDatabase.app; sourceTree = BUILT_PRODUCTS_DIR; };
		92CFFF6324115C7000619672 /* AppDelegate.swift */ = {isa = PBXFileReference; lastKnownFileType = sourcecode.swift; path = AppDelegate.swift; sourceTree = "<group>"; };
		92CFFF6524115C7000619672 /* SceneDelegate.swift */ = {isa = PBXFileReference; lastKnownFileType = sourcecode.swift; path = SceneDelegate.swift; sourceTree = "<group>"; };
		92CFFF6C24115C7400619672 /* Assets.xcassets */ = {isa = PBXFileReference; lastKnownFileType = folder.assetcatalog; path = Assets.xcassets; sourceTree = "<group>"; };
		92CFFF6F24115C7400619672 /* Base */ = {isa = PBXFileReference; lastKnownFileType = file.storyboard; name = Base; path = Base.lproj/LaunchScreen.storyboard; sourceTree = "<group>"; };
		92CFFF7124115C7400619672 /* Info.plist */ = {isa = PBXFileReference; lastKnownFileType = text.plist.xml; path = Info.plist; sourceTree = "<group>"; };
/* End PBXFileReference section */

/* Begin PBXFrameworksBuildPhase section */
		92CFFF5D24115C7000619672 /* Frameworks */ = {
			isa = PBXFrameworksBuildPhase;
			buildActionMask = 2147483647;
			files = (
				6497012488F7126D2500AE48 /* Pods_TheMovieDatabase.framework in Frameworks */,
			);
			runOnlyForDeploymentPostprocessing = 0;
		};
/* End PBXFrameworksBuildPhase section */

/* Begin PBXGroup section */
		9250EBA32413D6C900AC30DB /* Resources */ = {
			isa = PBXGroup;
			children = (
				9250EBA42413D6D400AC30DB /* Assets */,
			);
			path = Resources;
			sourceTree = "<group>";
		};
		9250EBA42413D6D400AC30DB /* Assets */ = {
			isa = PBXGroup;
			children = (
				92CFFF6C24115C7400619672 /* Assets.xcassets */,
			);
			path = Assets;
			sourceTree = "<group>";
		};
		9250EBA52413D78E00AC30DB /* Presentation */ = {
			isa = PBXGroup;
			children = (
				9250EBA92413DD4F00AC30DB /* AuthorizationScreen */,
				9250EBA62413D7CC00AC30DB /* Common */,
			);
			path = Presentation;
			sourceTree = "<group>";
		};
		9250EBA62413D7CC00AC30DB /* Common */ = {
			isa = PBXGroup;
			children = (
				9250EBB52413FA1E00AC30DB /* Helpers */,
				92CFFF6E24115C7400619672 /* LaunchScreen.storyboard */,
				92CFFF6324115C7000619672 /* AppDelegate.swift */,
				92CFFF6524115C7000619672 /* SceneDelegate.swift */,
			);
			path = Common;
			sourceTree = "<group>";
		};
		9250EBA72413DA2D00AC30DB /* Classes */ = {
			isa = PBXGroup;
			children = (
				9250EBA32413D6C900AC30DB /* Resources */,
				9250EBA52413D78E00AC30DB /* Presentation */,
			);
			path = Classes;
			sourceTree = "<group>";
		};
		9250EBA82413DA4D00AC30DB /* Supporting Files */ = {
			isa = PBXGroup;
			children = (
				92CFFF7124115C7400619672 /* Info.plist */,
			);
			path = "Supporting Files";
			sourceTree = "<group>";
		};
		9250EBA92413DD4F00AC30DB /* AuthorizationScreen */ = {
			isa = PBXGroup;
			children = (
				9250EBBC2414459A00AC30DB /* Views */,
				9250EBAA2413DE2D00AC30DB /* AuthorizationViewController.swift */,
				9250EBAB2413DE2D00AC30DB /* AuthorizationViewController.xib */,
			);
			path = AuthorizationScreen;
			sourceTree = "<group>";
		};
		9250EBB52413FA1E00AC30DB /* Helpers */ = {
			isa = PBXGroup;
			children = (
				9250EBB62413FA2E00AC30DB /* Colors.swift */,
				9250EBBA2414048E00AC30DB /* Images.swift */,
			);
			path = Helpers;
			sourceTree = "<group>";
		};
		9250EBBC2414459A00AC30DB /* Views */ = {
			isa = PBXGroup;
			children = (
				9250EBB82413FCA400AC30DB /* CustomTextField.swift */,
				9250EBB12413F2CD00AC30DB /* RoundedButton.swift */,
			);
			path = Views;
			sourceTree = "<group>";
		};
		92CFFF5724115C7000619672 = {
			isa = PBXGroup;
			children = (
				92CFFF6224115C7000619672 /* TheMovieDatabase */,
				92CFFF6124115C7000619672 /* Products */,
				B494D6F13CF65D49888B3939 /* Pods */,
				D3AA89FD0196A5D02B71C9C0 /* Frameworks */,
			);
			sourceTree = "<group>";
		};
		92CFFF6124115C7000619672 /* Products */ = {
			isa = PBXGroup;
			children = (
				92CFFF6024115C7000619672 /* TheMovieDatabase.app */,
			);
			name = Products;
			sourceTree = "<group>";
		};
		92CFFF6224115C7000619672 /* TheMovieDatabase */ = {
			isa = PBXGroup;
			children = (
				9250EBA72413DA2D00AC30DB /* Classes */,
				9250EBA82413DA4D00AC30DB /* Supporting Files */,
			);
			path = TheMovieDatabase;
			sourceTree = "<group>";
		};
		B494D6F13CF65D49888B3939 /* Pods */ = {
			isa = PBXGroup;
			children = (
				8F7461F3F3A47551AA9DAE2F /* Pods-TheMovieDatabase.debug.xcconfig */,
				014994672CA64F37260E87E4 /* Pods-TheMovieDatabase.release.xcconfig */,
			);
			path = Pods;
			sourceTree = "<group>";
		};
		D3AA89FD0196A5D02B71C9C0 /* Frameworks */ = {
			isa = PBXGroup;
			children = (
				41505FB3D8214E06604D98CD /* Pods_TheMovieDatabase.framework */,
			);
			name = Frameworks;
			sourceTree = "<group>";
		};
/* End PBXGroup section */

/* Begin PBXNativeTarget section */
		92CFFF5F24115C7000619672 /* TheMovieDatabase */ = {
			isa = PBXNativeTarget;
			buildConfigurationList = 92CFFF7424115C7400619672 /* Build configuration list for PBXNativeTarget "TheMovieDatabase" */;
			buildPhases = (
				C1BCE01C9FC8C89299F400E1 /* [CP] Check Pods Manifest.lock */,
				92CFFF5C24115C7000619672 /* Sources */,
				92CFFF5D24115C7000619672 /* Frameworks */,
				92CFFF5E24115C7000619672 /* Resources */,
				9250EB9C2413AB6300AC30DB /* ShellScript */,
				8D7FBCD96965A0C99FF801FA /* [CP] Embed Pods Frameworks */,
			);
			buildRules = (
			);
			dependencies = (
			);
			name = TheMovieDatabase;
			productName = TheMovieDatabase;
			productReference = 92CFFF6024115C7000619672 /* TheMovieDatabase.app */;
			productType = "com.apple.product-type.application";
		};
/* End PBXNativeTarget section */

/* Begin PBXProject section */
		92CFFF5824115C7000619672 /* Project object */ = {
			isa = PBXProject;
			attributes = {
				LastSwiftUpdateCheck = 1130;
				LastUpgradeCheck = 1130;
				ORGANIZATIONNAME = "Рыжков Артем";
				TargetAttributes = {
					92CFFF5F24115C7000619672 = {
						CreatedOnToolsVersion = 11.3.1;
					};
				};
			};
			buildConfigurationList = 92CFFF5B24115C7000619672 /* Build configuration list for PBXProject "TheMovieDatabase" */;
			compatibilityVersion = "Xcode 9.3";
			developmentRegion = en;
			hasScannedForEncodings = 0;
			knownRegions = (
				en,
				Base,
			);
			mainGroup = 92CFFF5724115C7000619672;
			productRefGroup = 92CFFF6124115C7000619672 /* Products */;
			projectDirPath = "";
			projectRoot = "";
			targets = (
				92CFFF5F24115C7000619672 /* TheMovieDatabase */,
			);
		};
/* End PBXProject section */

/* Begin PBXResourcesBuildPhase section */
		92CFFF5E24115C7000619672 /* Resources */ = {
			isa = PBXResourcesBuildPhase;
			buildActionMask = 2147483647;
			files = (
				92CFFF7024115C7400619672 /* LaunchScreen.storyboard in Resources */,
				92CFFF6D24115C7400619672 /* Assets.xcassets in Resources */,
				9250EBAD2413DE2D00AC30DB /* AuthorizationViewController.xib in Resources */,
			);
			runOnlyForDeploymentPostprocessing = 0;
		};
/* End PBXResourcesBuildPhase section */

/* Begin PBXShellScriptBuildPhase section */
		8D7FBCD96965A0C99FF801FA /* [CP] Embed Pods Frameworks */ = {
			isa = PBXShellScriptBuildPhase;
			buildActionMask = 2147483647;
			files = (
			);
			inputFileListPaths = (
				"${PODS_ROOT}/Target Support Files/Pods-TheMovieDatabase/Pods-TheMovieDatabase-frameworks-${CONFIGURATION}-input-files.xcfilelist",
			);
			name = "[CP] Embed Pods Frameworks";
			outputFileListPaths = (
				"${PODS_ROOT}/Target Support Files/Pods-TheMovieDatabase/Pods-TheMovieDatabase-frameworks-${CONFIGURATION}-output-files.xcfilelist",
			);
			runOnlyForDeploymentPostprocessing = 0;
			shellPath = /bin/sh;
			shellScript = "\"${PODS_ROOT}/Target Support Files/Pods-TheMovieDatabase/Pods-TheMovieDatabase-frameworks.sh\"\n";
			showEnvVarsInLog = 0;
		};
		9250EB9C2413AB6300AC30DB /* ShellScript */ = {
			isa = PBXShellScriptBuildPhase;
			buildActionMask = 2147483647;
			files = (
			);
			inputFileListPaths = (
			);
			inputPaths = (
			);
			outputFileListPaths = (
			);
			outputPaths = (
			);
			runOnlyForDeploymentPostprocessing = 0;
			shellPath = /bin/sh;
			shellScript = "if which swiftlint >/dev/null; then\n  swiftlint --config \"$SRCROOT/swiftlint.yml\"\nelse\n  echo \"warning: SwiftLint not installed, download from https://github.com/realm/SwiftLint\"\nfi\n";
		};
		C1BCE01C9FC8C89299F400E1 /* [CP] Check Pods Manifest.lock */ = {
			isa = PBXShellScriptBuildPhase;
			buildActionMask = 2147483647;
			files = (
			);
			inputFileListPaths = (
			);
			inputPaths = (
				"${PODS_PODFILE_DIR_PATH}/Podfile.lock",
				"${PODS_ROOT}/Manifest.lock",
			);
			name = "[CP] Check Pods Manifest.lock";
			outputFileListPaths = (
			);
			outputPaths = (
				"$(DERIVED_FILE_DIR)/Pods-TheMovieDatabase-checkManifestLockResult.txt",
			);
			runOnlyForDeploymentPostprocessing = 0;
			shellPath = /bin/sh;
			shellScript = "diff \"${PODS_PODFILE_DIR_PATH}/Podfile.lock\" \"${PODS_ROOT}/Manifest.lock\" > /dev/null\nif [ $? != 0 ] ; then\n    # print error to STDERR\n    echo \"error: The sandbox is not in sync with the Podfile.lock. Run 'pod install' or update your CocoaPods installation.\" >&2\n    exit 1\nfi\n# This output is used by Xcode 'outputs' to avoid re-running this script phase.\necho \"SUCCESS\" > \"${SCRIPT_OUTPUT_FILE_0}\"\n";
			showEnvVarsInLog = 0;
		};
/* End PBXShellScriptBuildPhase section */

/* Begin PBXSourcesBuildPhase section */
		92CFFF5C24115C7000619672 /* Sources */ = {
			isa = PBXSourcesBuildPhase;
			buildActionMask = 2147483647;
			files = (
				9250EBBB2414048E00AC30DB /* Images.swift in Sources */,
				9250EBAC2413DE2D00AC30DB /* AuthorizationViewController.swift in Sources */,
				92CFFF6424115C7000619672 /* AppDelegate.swift in Sources */,
				9250EBB92413FCA400AC30DB /* CustomTextField.swift in Sources */,
				9250EBB22413F2CD00AC30DB /* RoundedButton.swift in Sources */,
				9250EBB72413FA2E00AC30DB /* Colors.swift in Sources */,
				92CFFF6624115C7000619672 /* SceneDelegate.swift in Sources */,
			);
			runOnlyForDeploymentPostprocessing = 0;
		};
/* End PBXSourcesBuildPhase section */

/* Begin PBXVariantGroup section */
		92CFFF6E24115C7400619672 /* LaunchScreen.storyboard */ = {
			isa = PBXVariantGroup;
			children = (
				92CFFF6F24115C7400619672 /* Base */,
			);
			name = LaunchScreen.storyboard;
			sourceTree = "<group>";
		};
/* End PBXVariantGroup section */

/* Begin XCBuildConfiguration section */
		92CFFF7224115C7400619672 /* Debug */ = {
			isa = XCBuildConfiguration;
			buildSettings = {
				ALWAYS_SEARCH_USER_PATHS = NO;
				CLANG_ANALYZER_NONNULL = YES;
				CLANG_ANALYZER_NUMBER_OBJECT_CONVERSION = YES_AGGRESSIVE;
				CLANG_CXX_LANGUAGE_STANDARD = "gnu++14";
				CLANG_CXX_LIBRARY = "libc++";
				CLANG_ENABLE_MODULES = YES;
				CLANG_ENABLE_OBJC_ARC = YES;
				CLANG_ENABLE_OBJC_WEAK = YES;
				CLANG_WARN_BLOCK_CAPTURE_AUTORELEASING = YES;
				CLANG_WARN_BOOL_CONVERSION = YES;
				CLANG_WARN_COMMA = YES;
				CLANG_WARN_CONSTANT_CONVERSION = YES;
				CLANG_WARN_DEPRECATED_OBJC_IMPLEMENTATIONS = YES;
				CLANG_WARN_DIRECT_OBJC_ISA_USAGE = YES_ERROR;
				CLANG_WARN_DOCUMENTATION_COMMENTS = YES;
				CLANG_WARN_EMPTY_BODY = YES;
				CLANG_WARN_ENUM_CONVERSION = YES;
				CLANG_WARN_INFINITE_RECURSION = YES;
				CLANG_WARN_INT_CONVERSION = YES;
				CLANG_WARN_NON_LITERAL_NULL_CONVERSION = YES;
				CLANG_WARN_OBJC_IMPLICIT_RETAIN_SELF = YES;
				CLANG_WARN_OBJC_LITERAL_CONVERSION = YES;
				CLANG_WARN_OBJC_ROOT_CLASS = YES_ERROR;
				CLANG_WARN_RANGE_LOOP_ANALYSIS = YES;
				CLANG_WARN_STRICT_PROTOTYPES = YES;
				CLANG_WARN_SUSPICIOUS_MOVE = YES;
				CLANG_WARN_UNGUARDED_AVAILABILITY = YES_AGGRESSIVE;
				CLANG_WARN_UNREACHABLE_CODE = YES;
				CLANG_WARN__DUPLICATE_METHOD_MATCH = YES;
				COPY_PHASE_STRIP = NO;
				DEBUG_INFORMATION_FORMAT = dwarf;
				ENABLE_STRICT_OBJC_MSGSEND = YES;
				ENABLE_TESTABILITY = YES;
				GCC_C_LANGUAGE_STANDARD = gnu11;
				GCC_DYNAMIC_NO_PIC = NO;
				GCC_NO_COMMON_BLOCKS = YES;
				GCC_OPTIMIZATION_LEVEL = 0;
				GCC_PREPROCESSOR_DEFINITIONS = (
					"DEBUG=1",
					"$(inherited)",
				);
				GCC_WARN_64_TO_32_BIT_CONVERSION = YES;
				GCC_WARN_ABOUT_RETURN_TYPE = YES_ERROR;
				GCC_WARN_UNDECLARED_SELECTOR = YES;
				GCC_WARN_UNINITIALIZED_AUTOS = YES_AGGRESSIVE;
				GCC_WARN_UNUSED_FUNCTION = YES;
				GCC_WARN_UNUSED_VARIABLE = YES;
				IPHONEOS_DEPLOYMENT_TARGET = 13.2;
				MTL_ENABLE_DEBUG_INFO = INCLUDE_SOURCE;
				MTL_FAST_MATH = YES;
				ONLY_ACTIVE_ARCH = YES;
				SDKROOT = iphoneos;
				SWIFT_ACTIVE_COMPILATION_CONDITIONS = DEBUG;
				SWIFT_OPTIMIZATION_LEVEL = "-Onone";
			};
			name = Debug;
		};
		92CFFF7324115C7400619672 /* Release */ = {
			isa = XCBuildConfiguration;
			buildSettings = {
				ALWAYS_SEARCH_USER_PATHS = NO;
				CLANG_ANALYZER_NONNULL = YES;
				CLANG_ANALYZER_NUMBER_OBJECT_CONVERSION = YES_AGGRESSIVE;
				CLANG_CXX_LANGUAGE_STANDARD = "gnu++14";
				CLANG_CXX_LIBRARY = "libc++";
				CLANG_ENABLE_MODULES = YES;
				CLANG_ENABLE_OBJC_ARC = YES;
				CLANG_ENABLE_OBJC_WEAK = YES;
				CLANG_WARN_BLOCK_CAPTURE_AUTORELEASING = YES;
				CLANG_WARN_BOOL_CONVERSION = YES;
				CLANG_WARN_COMMA = YES;
				CLANG_WARN_CONSTANT_CONVERSION = YES;
				CLANG_WARN_DEPRECATED_OBJC_IMPLEMENTATIONS = YES;
				CLANG_WARN_DIRECT_OBJC_ISA_USAGE = YES_ERROR;
				CLANG_WARN_DOCUMENTATION_COMMENTS = YES;
				CLANG_WARN_EMPTY_BODY = YES;
				CLANG_WARN_ENUM_CONVERSION = YES;
				CLANG_WARN_INFINITE_RECURSION = YES;
				CLANG_WARN_INT_CONVERSION = YES;
				CLANG_WARN_NON_LITERAL_NULL_CONVERSION = YES;
				CLANG_WARN_OBJC_IMPLICIT_RETAIN_SELF = YES;
				CLANG_WARN_OBJC_LITERAL_CONVERSION = YES;
				CLANG_WARN_OBJC_ROOT_CLASS = YES_ERROR;
				CLANG_WARN_RANGE_LOOP_ANALYSIS = YES;
				CLANG_WARN_STRICT_PROTOTYPES = YES;
				CLANG_WARN_SUSPICIOUS_MOVE = YES;
				CLANG_WARN_UNGUARDED_AVAILABILITY = YES_AGGRESSIVE;
				CLANG_WARN_UNREACHABLE_CODE = YES;
				CLANG_WARN__DUPLICATE_METHOD_MATCH = YES;
				COPY_PHASE_STRIP = NO;
				DEBUG_INFORMATION_FORMAT = "dwarf-with-dsym";
				ENABLE_NS_ASSERTIONS = NO;
				ENABLE_STRICT_OBJC_MSGSEND = YES;
				GCC_C_LANGUAGE_STANDARD = gnu11;
				GCC_NO_COMMON_BLOCKS = YES;
				GCC_WARN_64_TO_32_BIT_CONVERSION = YES;
				GCC_WARN_ABOUT_RETURN_TYPE = YES_ERROR;
				GCC_WARN_UNDECLARED_SELECTOR = YES;
				GCC_WARN_UNINITIALIZED_AUTOS = YES_AGGRESSIVE;
				GCC_WARN_UNUSED_FUNCTION = YES;
				GCC_WARN_UNUSED_VARIABLE = YES;
				IPHONEOS_DEPLOYMENT_TARGET = 13.2;
				MTL_ENABLE_DEBUG_INFO = NO;
				MTL_FAST_MATH = YES;
				SDKROOT = iphoneos;
				SWIFT_COMPILATION_MODE = wholemodule;
				SWIFT_OPTIMIZATION_LEVEL = "-O";
				VALIDATE_PRODUCT = YES;
			};
			name = Release;
		};
		92CFFF7524115C7400619672 /* Debug */ = {
			isa = XCBuildConfiguration;
			baseConfigurationReference = 8F7461F3F3A47551AA9DAE2F /* Pods-TheMovieDatabase.debug.xcconfig */;
			buildSettings = {
				ASSETCATALOG_COMPILER_APPICON_NAME = AppIcon;
				CODE_SIGN_STYLE = Automatic;
				DEVELOPMENT_TEAM = 7UHA847YA4;
				INFOPLIST_FILE = "$(SRCROOT)/TheMovieDatabase/Supporting Files/Info.plist";
				IPHONEOS_DEPLOYMENT_TARGET = 12.0;
				LD_RUNPATH_SEARCH_PATHS = (
					"$(inherited)",
					"@executable_path/Frameworks",
				);
				PRODUCT_BUNDLE_IDENTIFIER = com.onl1steam.TheMovieDatabase;
				PRODUCT_NAME = "$(TARGET_NAME)";
				SWIFT_VERSION = 5.0;
				TARGETED_DEVICE_FAMILY = "1,2";
			};
			name = Debug;
		};
		92CFFF7624115C7400619672 /* Release */ = {
			isa = XCBuildConfiguration;
			baseConfigurationReference = 014994672CA64F37260E87E4 /* Pods-TheMovieDatabase.release.xcconfig */;
			buildSettings = {
				ASSETCATALOG_COMPILER_APPICON_NAME = AppIcon;
				CODE_SIGN_STYLE = Automatic;
				DEVELOPMENT_TEAM = 7UHA847YA4;
				INFOPLIST_FILE = "$(SRCROOT)/TheMovieDatabase/Supporting Files/Info.plist";
				IPHONEOS_DEPLOYMENT_TARGET = 12.0;
				LD_RUNPATH_SEARCH_PATHS = (
					"$(inherited)",
					"@executable_path/Frameworks",
				);
				PRODUCT_BUNDLE_IDENTIFIER = com.onl1steam.TheMovieDatabase;
				PRODUCT_NAME = "$(TARGET_NAME)";
				SWIFT_VERSION = 5.0;
				TARGETED_DEVICE_FAMILY = "1,2";
			};
			name = Release;
		};
/* End XCBuildConfiguration section */

/* Begin XCConfigurationList section */
		92CFFF5B24115C7000619672 /* Build configuration list for PBXProject "TheMovieDatabase" */ = {
			isa = XCConfigurationList;
			buildConfigurations = (
				92CFFF7224115C7400619672 /* Debug */,
				92CFFF7324115C7400619672 /* Release */,
			);
			defaultConfigurationIsVisible = 0;
			defaultConfigurationName = Release;
		};
		92CFFF7424115C7400619672 /* Build configuration list for PBXNativeTarget "TheMovieDatabase" */ = {
			isa = XCConfigurationList;
			buildConfigurations = (
				92CFFF7524115C7400619672 /* Debug */,
				92CFFF7624115C7400619672 /* Release */,
			);
			defaultConfigurationIsVisible = 0;
			defaultConfigurationName = Release;
		};
/* End XCConfigurationList section */
	};
	rootObject = 92CFFF5824115C7000619672 /* Project object */;
}
